
Microsoft Visual Studio Solution File, Format Version 12.00
# Visual Studio 2013
VisualStudioVersion = 12.0.30501.0
MinimumVisualStudioVersion = 10.0.40219.1
Project("{FAE04EC0-301F-11D3-BF4B-00C04F79EFBC}") = "MVCModelBinderBug", "MVCModelBinderBug\MVCModelBinderBug.csproj", "{84458B3C-0C20-4794-A5B7-5B2C8E400368}"
EndProject
Global
	GlobalSection(SolutionConfigurationPlatforms) = preSolution
		Debug|Any CPU = Debug|Any CPU
		Release|Any CPU = Release|Any CPU
	EndGlobalSection
	GlobalSection(ProjectConfigurationPlatforms) = postSolution
		{84458B3C-0C20-4794-A5B7-5B2C8E400368}.Debug|Any CPU.ActiveCfg = Debug|Any CPU
		{84458B3C-0C20-4794-A5B7-5B2C8E400368}.Debug|Any CPU.Build.0 = Debug|Any CPU
		{84458B3C-0C20-4794-A5B7-5B2C8E400368}.Release|Any CPU.ActiveCfg = Release|Any CPU
		{84458B3C-0C20-4794-A5B7-5B2C8E400368}.Release|Any CPU.Build.0 = Release|Any CPU
	EndGlobalSection
	GlobalSection(SolutionProperties) = preSolution
		HideSolutionNode = FALSE
	EndGlobalSection
EndGlobal
